
Microsoft Visual Studio Solution File, Format Version 12.00
# Visual Studio Version 17
VisualStudioVersion = 17.3.32804.467
MinimumVisualStudioVersion = 10.0.40219.1
Project("{FAE04EC0-301F-11D3-BF4B-00C04F79EFBC}") = "Peliprojekti", "Peliprojekti\Peliprojekti.csproj", "{C44E16A6-99C0-4F0E-82A9-F5F2D4C81884}"
EndProject
Global
	GlobalSection(SolutionConfigurationPlatforms) = preSolution
		Debug|Any CPU = Debug|Any CPU
		Release|Any CPU = Release|Any CPU
	EndGlobalSection
	GlobalSection(ProjectConfigurationPlatforms) = postSolution
		{C44E16A6-99C0-4F0E-82A9-F5F2D4C81884}.Debug|Any CPU.ActiveCfg = Debug|Any CPU
		{C44E16A6-99C0-4F0E-82A9-F5F2D4C81884}.Debug|Any CPU.Build.0 = Debug|Any CPU
		{C44E16A6-99C0-4F0E-82A9-F5F2D4C81884}.Release|Any CPU.ActiveCfg = Release|Any CPU
		{C44E16A6-99C0-4F0E-82A9-F5F2D4C81884}.Release|Any CPU.Build.0 = Release|Any CPU
	EndGlobalSection
	GlobalSection(SolutionProperties) = preSolution
		HideSolutionNode = FALSE
	EndGlobalSection
	GlobalSection(ExtensibilityGlobals) = postSolution
		SolutionGuid = {E97C1A43-6157-4040-8A40-3A9FFBA1EC00}
	EndGlobalSection
EndGlobal
